{
  "name": "Pignio",
  "lockfileVersion": 3,
  "requires": true,
  "packages": {
    "": {
      "dependencies": {
        "uikit": "^3.23.11"
      }
    },
    "node_modules/uikit": {
      "version": "3.23.11",
      "resolved": "https://registry.npmjs.org/uikit/-/uikit-3.23.11.tgz",
      "integrity": "sha512-srUFBf5DfUxVpodcygibMQt1vgQjR9wlhIQo4GeWVpugk5+mKLPASJITDoY8wcwXQIHm7koELiPJ+FgNbzLv0A==",
      "license": "MIT"
    }
  }
}
